
Microsoft Visual Studio Solution File, Format Version 12.00
# Visual Studio Version 17
VisualStudioVersion = 17.7.34024.191
MinimumVisualStudioVersion = 10.0.40219.1
Project("{9A19103F-16F7-4668-BE54-9A1E7A4F7556}") = "AlquilerVolquetes", "AlquilerVolquetes\AlquilerVolquetes.csproj", "{019DE9A1-84B9-4580-8ABC-3464E17B039B}"
EndProject
Project("{9A19103F-16F7-4668-BE54-9A1E7A4F7556}") = "Clases", "Clases\Clases.csproj", "{C9C1D1DB-C9F0-4261-91C2-F84A0F78C37E}"
EndProject
Project("{9A19103F-16F7-4668-BE54-9A1E7A4F7556}") = "AdminApp", "AdminApp\AdminApp.csproj", "{64B47FD7-ABBC-43B9-8999-AB7636570A2C}"
EndProject
Project("{9A19103F-16F7-4668-BE54-9A1E7A4F7556}") = "PruebasDB", "PruebasDB\PruebasDB.csproj", "{17991ED7-89DF-4A72-A2A6-349B0B656F1C}"
EndProject
Project("{9A19103F-16F7-4668-BE54-9A1E7A4F7556}") = "ClasesManejoBaseDatos", "ClasesManejoBaseDatos\ClasesManejoBaseDatos.csproj", "{B9EB60A6-CBC1-40DE-B6C1-8484213171D0}"
EndProject
Project("{FAE04EC0-301F-11D3-BF4B-00C04F79EFBC}") = "TestAlquilerVolquetes", "TestAlquilerVolquetes\TestAlquilerVolquetes.csproj", "{C26C8297-A236-4F3F-94C9-EC523084BF7B}"
EndProject
Global
	GlobalSection(SolutionConfigurationPlatforms) = preSolution
		Debug|Any CPU = Debug|Any CPU
		Release|Any CPU = Release|Any CPU
	EndGlobalSection
	GlobalSection(ProjectConfigurationPlatforms) = postSolution
		{019DE9A1-84B9-4580-8ABC-3464E17B039B}.Debug|Any CPU.ActiveCfg = Debug|Any CPU
		{019DE9A1-84B9-4580-8ABC-3464E17B039B}.Debug|Any CPU.Build.0 = Debug|Any CPU
		{019DE9A1-84B9-4580-8ABC-3464E17B039B}.Release|Any CPU.ActiveCfg = Release|Any CPU
		{019DE9A1-84B9-4580-8ABC-3464E17B039B}.Release|Any CPU.Build.0 = Release|Any CPU
		{C9C1D1DB-C9F0-4261-91C2-F84A0F78C37E}.Debug|Any CPU.ActiveCfg = Debug|Any CPU
		{C9C1D1DB-C9F0-4261-91C2-F84A0F78C37E}.Debug|Any CPU.Build.0 = Debug|Any CPU
		{C9C1D1DB-C9F0-4261-91C2-F84A0F78C37E}.Release|Any CPU.ActiveCfg = Release|Any CPU
		{C9C1D1DB-C9F0-4261-91C2-F84A0F78C37E}.Release|Any CPU.Build.0 = Release|Any CPU
		{64B47FD7-ABBC-43B9-8999-AB7636570A2C}.Debug|Any CPU.ActiveCfg = Debug|Any CPU
		{64B47FD7-ABBC-43B9-8999-AB7636570A2C}.Debug|Any CPU.Build.0 = Debug|Any CPU
		{64B47FD7-ABBC-43B9-8999-AB7636570A2C}.Release|Any CPU.ActiveCfg = Release|Any CPU
		{64B47FD7-ABBC-43B9-8999-AB7636570A2C}.Release|Any CPU.Build.0 = Release|Any CPU
		{17991ED7-89DF-4A72-A2A6-349B0B656F1C}.Debug|Any CPU.ActiveCfg = Debug|Any CPU
		{17991ED7-89DF-4A72-A2A6-349B0B656F1C}.Debug|Any CPU.Build.0 = Debug|Any CPU
		{17991ED7-89DF-4A72-A2A6-349B0B656F1C}.Release|Any CPU.ActiveCfg = Release|Any CPU
		{17991ED7-89DF-4A72-A2A6-349B0B656F1C}.Release|Any CPU.Build.0 = Release|Any CPU
		{B9EB60A6-CBC1-40DE-B6C1-8484213171D0}.Debug|Any CPU.ActiveCfg = Debug|Any CPU
		{B9EB60A6-CBC1-40DE-B6C1-8484213171D0}.Debug|Any CPU.Build.0 = Debug|Any CPU
		{B9EB60A6-CBC1-40DE-B6C1-8484213171D0}.Release|Any CPU.ActiveCfg = Release|Any CPU
		{B9EB60A6-CBC1-40DE-B6C1-8484213171D0}.Release|Any CPU.Build.0 = Release|Any CPU
		{C26C8297-A236-4F3F-94C9-EC523084BF7B}.Debug|Any CPU.ActiveCfg = Debug|Any CPU
		{C26C8297-A236-4F3F-94C9-EC523084BF7B}.Debug|Any CPU.Build.0 = Debug|Any CPU
		{C26C8297-A236-4F3F-94C9-EC523084BF7B}.Release|Any CPU.ActiveCfg = Release|Any CPU
		{C26C8297-A236-4F3F-94C9-EC523084BF7B}.Release|Any CPU.Build.0 = Release|Any CPU
	EndGlobalSection
	GlobalSection(SolutionProperties) = preSolution
		HideSolutionNode = FALSE
	EndGlobalSection
	GlobalSection(ExtensibilityGlobals) = postSolution
		SolutionGuid = {66799F96-0C4B-4445-BA4C-AB956530973D}
	EndGlobalSection
EndGlobal
